
Microsoft Visual Studio Solution File, Format Version 12.00
# Visual Studio Version 17
VisualStudioVersion = 17.4.33213.308
MinimumVisualStudioVersion = 10.0.40219.1
Project("{FAE04EC0-301F-11D3-BF4B-00C04F79EFBC}") = "Password_MNG", "Password_MNG\Password_MNG.csproj", "{FBCE3F62-C682-495A-A107-729C05E31CFD}"
EndProject
Global
	GlobalSection(SolutionConfigurationPlatforms) = preSolution
		Debug|Any CPU = Debug|Any CPU
		Release|Any CPU = Release|Any CPU
	EndGlobalSection
	GlobalSection(ProjectConfigurationPlatforms) = postSolution
		{FBCE3F62-C682-495A-A107-729C05E31CFD}.Debug|Any CPU.ActiveCfg = Debug|Any CPU
		{FBCE3F62-C682-495A-A107-729C05E31CFD}.Debug|Any CPU.Build.0 = Debug|Any CPU
		{FBCE3F62-C682-495A-A107-729C05E31CFD}.Release|Any CPU.ActiveCfg = Release|Any CPU
		{FBCE3F62-C682-495A-A107-729C05E31CFD}.Release|Any CPU.Build.0 = Release|Any CPU
	EndGlobalSection
	GlobalSection(SolutionProperties) = preSolution
		HideSolutionNode = FALSE
	EndGlobalSection
	GlobalSection(ExtensibilityGlobals) = postSolution
		SolutionGuid = {CB2693E5-AC77-4E4A-A5A5-C421D45F4E72}
	EndGlobalSection
EndGlobal
